
Microsoft Visual Studio Solution File, Format Version 12.00
# Visual Studio Version 17
VisualStudioVersion = 17.13.35828.75 d17.13
MinimumVisualStudioVersion = 10.0.40219.1
Project("{FAE04EC0-301F-11D3-BF4B-00C04F79EFBC}") = "Würfelspiel", "Würfelspiel\Würfelspiel.csproj", "{BFFE86B2-5C5F-4067-AF8A-BC6F9B6DCF1B}"
EndProject
Global
	GlobalSection(SolutionConfigurationPlatforms) = preSolution
		Debug|Any CPU = Debug|Any CPU
		Release|Any CPU = Release|Any CPU
	EndGlobalSection
	GlobalSection(ProjectConfigurationPlatforms) = postSolution
		{BFFE86B2-5C5F-4067-AF8A-BC6F9B6DCF1B}.Debug|Any CPU.ActiveCfg = Debug|Any CPU
		{BFFE86B2-5C5F-4067-AF8A-BC6F9B6DCF1B}.Debug|Any CPU.Build.0 = Debug|Any CPU
		{BFFE86B2-5C5F-4067-AF8A-BC6F9B6DCF1B}.Release|Any CPU.ActiveCfg = Release|Any CPU
		{BFFE86B2-5C5F-4067-AF8A-BC6F9B6DCF1B}.Release|Any CPU.Build.0 = Release|Any CPU
	EndGlobalSection
	GlobalSection(SolutionProperties) = preSolution
		HideSolutionNode = FALSE
	EndGlobalSection
	GlobalSection(ExtensibilityGlobals) = postSolution
		SolutionGuid = {F50DF4FC-C3C8-44B1-A3A6-0A87C918DA6A}
	EndGlobalSection
EndGlobal
