
Microsoft Visual Studio Solution File, Format Version 12.00
# Visual Studio Version 17
VisualStudioVersion = 17.13.35828.75 d17.13
MinimumVisualStudioVersion = 10.0.40219.1
Project("{FAE04EC0-301F-11D3-BF4B-00C04F79EFBC}") = "Uebung1", "Uebung1\Uebung1.csproj", "{C06E8AA4-0480-409F-AFAB-07432F2421C4}"
EndProject
Global
	GlobalSection(SolutionConfigurationPlatforms) = preSolution
		Debug|Any CPU = Debug|Any CPU
		Release|Any CPU = Release|Any CPU
	EndGlobalSection
	GlobalSection(ProjectConfigurationPlatforms) = postSolution
		{C06E8AA4-0480-409F-AFAB-07432F2421C4}.Debug|Any CPU.ActiveCfg = Debug|Any CPU
		{C06E8AA4-0480-409F-AFAB-07432F2421C4}.Debug|Any CPU.Build.0 = Debug|Any CPU
		{C06E8AA4-0480-409F-AFAB-07432F2421C4}.Release|Any CPU.ActiveCfg = Release|Any CPU
		{C06E8AA4-0480-409F-AFAB-07432F2421C4}.Release|Any CPU.Build.0 = Release|Any CPU
	EndGlobalSection
	GlobalSection(SolutionProperties) = preSolution
		HideSolutionNode = FALSE
	EndGlobalSection
	GlobalSection(ExtensibilityGlobals) = postSolution
		SolutionGuid = {AAD400AB-0942-494B-A1DF-135E52395B42}
	EndGlobalSection
EndGlobal
