
Microsoft Visual Studio Solution File, Format Version 12.00
# Visual Studio 2012
Project("{FAE04EC0-301F-11D3-BF4B-00C04F79EFBC}") = "Check", "Check.csproj", "{ED486666-2508-4158-ABB0-4ECC9B66ADFC}"
EndProject
Global
	GlobalSection(SolutionConfigurationPlatforms) = preSolution
		Debug|Any CPU = Debug|Any CPU
		Release|Any CPU = Release|Any CPU
	EndGlobalSection
	GlobalSection(ProjectConfigurationPlatforms) = postSolution
		{ED486666-2508-4158-ABB0-4ECC9B66ADFC}.Debug|Any CPU.ActiveCfg = Debug|Any CPU
		{ED486666-2508-4158-ABB0-4ECC9B66ADFC}.Debug|Any CPU.Build.0 = Debug|Any CPU
		{ED486666-2508-4158-ABB0-4ECC9B66ADFC}.Release|Any CPU.ActiveCfg = Release|Any CPU
		{ED486666-2508-4158-ABB0-4ECC9B66ADFC}.Release|Any CPU.Build.0 = Release|Any CPU
	EndGlobalSection
	GlobalSection(SolutionProperties) = preSolution
		HideSolutionNode = FALSE
	EndGlobalSection
EndGlobal
