
Microsoft Visual Studio Solution File, Format Version 12.00
# Visual Studio 2012
Project("{FAE04EC0-301F-11D3-BF4B-00C04F79EFBC}") = "Steuern", "Steuern\Steuern.csproj", "{C51EE119-2FFD-4BDF-929E-034D2961B865}"
EndProject
Global
	GlobalSection(SolutionConfigurationPlatforms) = preSolution
		Debug|Any CPU = Debug|Any CPU
		Release|Any CPU = Release|Any CPU
	EndGlobalSection
	GlobalSection(ProjectConfigurationPlatforms) = postSolution
		{C51EE119-2FFD-4BDF-929E-034D2961B865}.Debug|Any CPU.ActiveCfg = Debug|Any CPU
		{C51EE119-2FFD-4BDF-929E-034D2961B865}.Debug|Any CPU.Build.0 = Debug|Any CPU
		{C51EE119-2FFD-4BDF-929E-034D2961B865}.Release|Any CPU.ActiveCfg = Release|Any CPU
		{C51EE119-2FFD-4BDF-929E-034D2961B865}.Release|Any CPU.Build.0 = Release|Any CPU
	EndGlobalSection
	GlobalSection(SolutionProperties) = preSolution
		HideSolutionNode = FALSE
	EndGlobalSection
EndGlobal
