
Microsoft Visual Studio Solution File, Format Version 12.00
# Visual Studio 2012
Project("{FAE04EC0-301F-11D3-BF4B-00C04F79EFBC}") = "IntegerCalcProp", "IntegerCalcProp\IntegerCalcProp.csproj", "{FB199DFE-ED1C-4574-9895-AB2107CE7EDF}"
EndProject
Global
	GlobalSection(SolutionConfigurationPlatforms) = preSolution
		Debug|Any CPU = Debug|Any CPU
		Release|Any CPU = Release|Any CPU
	EndGlobalSection
	GlobalSection(ProjectConfigurationPlatforms) = postSolution
		{FB199DFE-ED1C-4574-9895-AB2107CE7EDF}.Debug|Any CPU.ActiveCfg = Debug|Any CPU
		{FB199DFE-ED1C-4574-9895-AB2107CE7EDF}.Debug|Any CPU.Build.0 = Debug|Any CPU
		{FB199DFE-ED1C-4574-9895-AB2107CE7EDF}.Release|Any CPU.ActiveCfg = Release|Any CPU
		{FB199DFE-ED1C-4574-9895-AB2107CE7EDF}.Release|Any CPU.Build.0 = Release|Any CPU
	EndGlobalSection
	GlobalSection(SolutionProperties) = preSolution
		HideSolutionNode = FALSE
	EndGlobalSection
EndGlobal
