
Microsoft Visual Studio Solution File, Format Version 12.00
# Visual Studio 2012
Project("{FAE04EC0-301F-11D3-BF4B-00C04F79EFBC}") = "Sign", "Sign.csproj", "{FAB02E51-2712-4F9B-AA7B-F04792C0993E}"
EndProject
Global
	GlobalSection(SolutionConfigurationPlatforms) = preSolution
		Debug|Any CPU = Debug|Any CPU
		Release|Any CPU = Release|Any CPU
	EndGlobalSection
	GlobalSection(ProjectConfigurationPlatforms) = postSolution
		{FAB02E51-2712-4F9B-AA7B-F04792C0993E}.Debug|Any CPU.ActiveCfg = Debug|Any CPU
		{FAB02E51-2712-4F9B-AA7B-F04792C0993E}.Debug|Any CPU.Build.0 = Debug|Any CPU
		{FAB02E51-2712-4F9B-AA7B-F04792C0993E}.Release|Any CPU.ActiveCfg = Release|Any CPU
		{FAB02E51-2712-4F9B-AA7B-F04792C0993E}.Release|Any CPU.Build.0 = Release|Any CPU
	EndGlobalSection
	GlobalSection(SolutionProperties) = preSolution
		HideSolutionNode = FALSE
	EndGlobalSection
EndGlobal
