
Microsoft Visual Studio Solution File, Format Version 12.00
# Visual Studio Version 17
VisualStudioVersion = 17.13.35828.75 d17.13
MinimumVisualStudioVersion = 10.0.40219.1
Project("{FAE04EC0-301F-11D3-BF4B-00C04F79EFBC}") = "Ganzzahlrechner", "Ganzzahlrechner\Ganzzahlrechner.csproj", "{2C12A354-7D6C-47B1-87D6-94FCA9167EBE}"
EndProject
Global
	GlobalSection(SolutionConfigurationPlatforms) = preSolution
		Debug|Any CPU = Debug|Any CPU
		Release|Any CPU = Release|Any CPU
	EndGlobalSection
	GlobalSection(ProjectConfigurationPlatforms) = postSolution
		{2C12A354-7D6C-47B1-87D6-94FCA9167EBE}.Debug|Any CPU.ActiveCfg = Debug|Any CPU
		{2C12A354-7D6C-47B1-87D6-94FCA9167EBE}.Debug|Any CPU.Build.0 = Debug|Any CPU
		{2C12A354-7D6C-47B1-87D6-94FCA9167EBE}.Release|Any CPU.ActiveCfg = Release|Any CPU
		{2C12A354-7D6C-47B1-87D6-94FCA9167EBE}.Release|Any CPU.Build.0 = Release|Any CPU
	EndGlobalSection
	GlobalSection(SolutionProperties) = preSolution
		HideSolutionNode = FALSE
	EndGlobalSection
	GlobalSection(ExtensibilityGlobals) = postSolution
		SolutionGuid = {C1AA2666-E338-41EB-B005-77AF12BC06BE}
	EndGlobalSection
EndGlobal
