
Microsoft Visual Studio Solution File, Format Version 12.00
# Visual Studio 2012
Project("{FAE04EC0-301F-11D3-BF4B-00C04F79EFBC}") = "Autofahren2", "Autofahren2\Autofahren2.csproj", "{377A8F50-8332-4414-92B5-0B4721B8255A}"
EndProject
Global
	GlobalSection(SolutionConfigurationPlatforms) = preSolution
		Debug|Any CPU = Debug|Any CPU
		Release|Any CPU = Release|Any CPU
	EndGlobalSection
	GlobalSection(ProjectConfigurationPlatforms) = postSolution
		{377A8F50-8332-4414-92B5-0B4721B8255A}.Debug|Any CPU.ActiveCfg = Debug|Any CPU
		{377A8F50-8332-4414-92B5-0B4721B8255A}.Debug|Any CPU.Build.0 = Debug|Any CPU
		{377A8F50-8332-4414-92B5-0B4721B8255A}.Release|Any CPU.ActiveCfg = Release|Any CPU
		{377A8F50-8332-4414-92B5-0B4721B8255A}.Release|Any CPU.Build.0 = Release|Any CPU
	EndGlobalSection
	GlobalSection(SolutionProperties) = preSolution
		HideSolutionNode = FALSE
	EndGlobalSection
EndGlobal
