
Microsoft Visual Studio Solution File, Format Version 12.00
# Visual Studio Version 17
VisualStudioVersion = 17.13.35828.75 d17.13
MinimumVisualStudioVersion = 10.0.40219.1
Project("{FAE04EC0-301F-11D3-BF4B-00C04F79EFBC}") = "AutoSimulation", "AutoSimulation\AutoSimulation.csproj", "{3F979862-80CC-4AEC-9E74-2C6E01FCAB04}"
EndProject
Global
	GlobalSection(SolutionConfigurationPlatforms) = preSolution
		Debug|Any CPU = Debug|Any CPU
		Release|Any CPU = Release|Any CPU
	EndGlobalSection
	GlobalSection(ProjectConfigurationPlatforms) = postSolution
		{3F979862-80CC-4AEC-9E74-2C6E01FCAB04}.Debug|Any CPU.ActiveCfg = Debug|Any CPU
		{3F979862-80CC-4AEC-9E74-2C6E01FCAB04}.Debug|Any CPU.Build.0 = Debug|Any CPU
		{3F979862-80CC-4AEC-9E74-2C6E01FCAB04}.Release|Any CPU.ActiveCfg = Release|Any CPU
		{3F979862-80CC-4AEC-9E74-2C6E01FCAB04}.Release|Any CPU.Build.0 = Release|Any CPU
	EndGlobalSection
	GlobalSection(SolutionProperties) = preSolution
		HideSolutionNode = FALSE
	EndGlobalSection
	GlobalSection(ExtensibilityGlobals) = postSolution
		SolutionGuid = {862ABB94-BAEB-48EB-9062-464D9F7D71B2}
	EndGlobalSection
EndGlobal
